
Microsoft Visual Studio Solution File, Format Version 12.00
# Visual Studio Version 17
VisualStudioVersion = 17.0.31903.59
MinimumVisualStudioVersion = 10.0.40219.1
Project("{FAE04EC0-301F-11D3-BF4B-00C04F79EFBC}") = "CalculadoraTestes", "CalculadoraTestes\CalculadoraTestes.csproj", "{BF36A4E4-E7B7-4C74-9187-4C4F4FBFC12B}"
EndProject
Project("{FAE04EC0-301F-11D3-BF4B-00C04F79EFBC}") = "Calculadora", "Calculadora\Calculadora.csproj", "{6AA84F04-9A17-4C92-AD66-E4FC1E17D126}"
EndProject
Global
	GlobalSection(SolutionConfigurationPlatforms) = preSolution
		Debug|Any CPU = Debug|Any CPU
		Release|Any CPU = Release|Any CPU
	EndGlobalSection
	GlobalSection(SolutionProperties) = preSolution
		HideSolutionNode = FALSE
	EndGlobalSection
	GlobalSection(ProjectConfigurationPlatforms) = postSolution
		{BF36A4E4-E7B7-4C74-9187-4C4F4FBFC12B}.Debug|Any CPU.ActiveCfg = Debug|Any CPU
		{BF36A4E4-E7B7-4C74-9187-4C4F4FBFC12B}.Debug|Any CPU.Build.0 = Debug|Any CPU
		{BF36A4E4-E7B7-4C74-9187-4C4F4FBFC12B}.Release|Any CPU.ActiveCfg = Release|Any CPU
		{BF36A4E4-E7B7-4C74-9187-4C4F4FBFC12B}.Release|Any CPU.Build.0 = Release|Any CPU
		{6AA84F04-9A17-4C92-AD66-E4FC1E17D126}.Debug|Any CPU.ActiveCfg = Debug|Any CPU
		{6AA84F04-9A17-4C92-AD66-E4FC1E17D126}.Debug|Any CPU.Build.0 = Debug|Any CPU
		{6AA84F04-9A17-4C92-AD66-E4FC1E17D126}.Release|Any CPU.ActiveCfg = Release|Any CPU
		{6AA84F04-9A17-4C92-AD66-E4FC1E17D126}.Release|Any CPU.Build.0 = Release|Any CPU
	EndGlobalSection
	GlobalSection(NestedProjects) = preSolution
	EndGlobalSection
EndGlobal
